// !$*UTF8*$!
{
	archiveVersion = 1;
	classes = {
	};
	objectVersion = 46;
	objects = {

/* Begin PBXBuildFile section */
		09F9FD0F1EEE5CEC002342E5 /* Morphisms.swift in Sources */ = {isa = PBXBuildFile; fileRef = 09F9FD0E1EEE5CE8002342E5 /* Morphisms.swift */; };
		3853BF9E1EF11D7400791099 /* Wrapper.swift in Sources */ = {isa = PBXBuildFile; fileRef = 3853BF9D1EF11D7400791099 /* Wrapper.swift */; };
		38943A6C1EEC287000F587AD /* SwiftCheck.framework in Frameworks */ = {isa = PBXBuildFile; fileRef = 38943A6B1EEC287000F587AD /* SwiftCheck.framework */; };
		38943A6E1EEC288200F587AD /* SwiftCheck.framework in CopyFiles */ = {isa = PBXBuildFile; fileRef = 38943A6B1EEC287000F587AD /* SwiftCheck.framework */; settings = {ATTRIBUTES = (CodeSignOnCopy, RemoveHeadersOnCopy, ); }; };
		38943A6F1EEC28A000F587AD /* AbstractTests.swift in Sources */ = {isa = PBXBuildFile; fileRef = 38943A681EEC25AE00F587AD /* AbstractTests.swift */; };
		38943A751EEC2D0400F587AD /* ArbitraryDefinitions.swift in Sources */ = {isa = PBXBuildFile; fileRef = 38943A731EEC2CF700F587AD /* ArbitraryDefinitions.swift */; };
		38943A771EEC31DA00F587AD /* Adapters.swift in Sources */ = {isa = PBXBuildFile; fileRef = 38943A761EEC31DA00F587AD /* Adapters.swift */; };
		38943A791EEC4EFF00F587AD /* Monoid.swift in Sources */ = {isa = PBXBuildFile; fileRef = 38943A781EEC4EFF00F587AD /* Monoid.swift */; };
		38B83C921EED6E33007AB12A /* Predicate.swift in Sources */ = {isa = PBXBuildFile; fileRef = 38B83C911EED6E33007AB12A /* Predicate.swift */; };
		38B83C941EED72F3007AB12A /* Comparison.swift in Sources */ = {isa = PBXBuildFile; fileRef = 38B83C931EED72F3007AB12A /* Comparison.swift */; };
		38B83C981EED83EF007AB12A /* Collections.swift in Sources */ = {isa = PBXBuildFile; fileRef = 38B83C971EED83EF007AB12A /* Collections.swift */; };
		38B83C9A1EED85C6007AB12A /* CommutativeMonoid.swift in Sources */ = {isa = PBXBuildFile; fileRef = 38B83C991EED85C6007AB12A /* CommutativeMonoid.swift */; };
		38B83C9C1EED8A15007AB12A /* BoundedSemilattice.swift in Sources */ = {isa = PBXBuildFile; fileRef = 38B83C9B1EED8A15007AB12A /* BoundedSemilattice.swift */; };
		38D737D11EE9A729000BAF0C /* Abstract.framework in Frameworks */ = {isa = PBXBuildFile; fileRef = 38D737C71EE9A729000BAF0C /* Abstract.framework */; };
		38D737E21EE9A7D8000BAF0C /* Magma.swift in Sources */ = {isa = PBXBuildFile; fileRef = 38D737BD1EE9A711000BAF0C /* Magma.swift */; };
		38D737EA1EE9B86F000BAF0C /* Semigroup.swift in Sources */ = {isa = PBXBuildFile; fileRef = 38D737E91EE9B86F000BAF0C /* Semigroup.swift */; };
		38D737EC1EE9B95C000BAF0C /* Law.swift in Sources */ = {isa = PBXBuildFile; fileRef = 38D737EB1EE9B95C000BAF0C /* Law.swift */; };
/* End PBXBuildFile section */

/* Begin PBXContainerItemProxy section */
		38D737D21EE9A729000BAF0C /* PBXContainerItemProxy */ = {
			isa = PBXContainerItemProxy;
			containerPortal = 38D737B51EE9A6BA000BAF0C /* Project object */;
			proxyType = 1;
			remoteGlobalIDString = 38D737C61EE9A729000BAF0C;
			remoteInfo = Abstract;
		};
/* End PBXContainerItemProxy section */

/* Begin PBXCopyFilesBuildPhase section */
		38943A6D1EEC287300F587AD /* CopyFiles */ = {
			isa = PBXCopyFilesBuildPhase;
			buildActionMask = 2147483647;
			dstPath = "";
			dstSubfolderSpec = 10;
			files = (
				38943A6E1EEC288200F587AD /* SwiftCheck.framework in CopyFiles */,
			);
			runOnlyForDeploymentPostprocessing = 0;
		};
/* End PBXCopyFilesBuildPhase section */

/* Begin PBXFileReference section */
		09F9FD0C1EEE0FC2002342E5 /* Operadics.framework */ = {isa = PBXFileReference; lastKnownFileType = wrapper.framework; name = Operadics.framework; path = Carthage/Build/iOS/Operadics.framework; sourceTree = "<group>"; };
		09F9FD0E1EEE5CE8002342E5 /* Morphisms.swift */ = {isa = PBXFileReference; lastKnownFileType = sourcecode.swift; path = Morphisms.swift; sourceTree = "<group>"; };
		3853BF9D1EF11D7400791099 /* Wrapper.swift */ = {isa = PBXFileReference; fileEncoding = 4; lastKnownFileType = sourcecode.swift; path = Wrapper.swift; sourceTree = "<group>"; };
		38943A681EEC25AE00F587AD /* AbstractTests.swift */ = {isa = PBXFileReference; fileEncoding = 4; lastKnownFileType = sourcecode.swift; path = AbstractTests.swift; sourceTree = "<group>"; };
		38943A6B1EEC287000F587AD /* SwiftCheck.framework */ = {isa = PBXFileReference; lastKnownFileType = wrapper.framework; name = SwiftCheck.framework; path = Carthage/Build/iOS/SwiftCheck.framework; sourceTree = "<group>"; };
		38943A731EEC2CF700F587AD /* ArbitraryDefinitions.swift */ = {isa = PBXFileReference; fileEncoding = 4; lastKnownFileType = sourcecode.swift; path = ArbitraryDefinitions.swift; sourceTree = "<group>"; };
		38943A761EEC31DA00F587AD /* Adapters.swift */ = {isa = PBXFileReference; fileEncoding = 4; lastKnownFileType = sourcecode.swift; path = Adapters.swift; sourceTree = "<group>"; };
		38943A781EEC4EFF00F587AD /* Monoid.swift */ = {isa = PBXFileReference; fileEncoding = 4; lastKnownFileType = sourcecode.swift; path = Monoid.swift; sourceTree = "<group>"; };
		38B83C911EED6E33007AB12A /* Predicate.swift */ = {isa = PBXFileReference; fileEncoding = 4; lastKnownFileType = sourcecode.swift; path = Predicate.swift; sourceTree = "<group>"; };
		38B83C931EED72F3007AB12A /* Comparison.swift */ = {isa = PBXFileReference; fileEncoding = 4; lastKnownFileType = sourcecode.swift; path = Comparison.swift; sourceTree = "<group>"; };
		38B83C971EED83EF007AB12A /* Collections.swift */ = {isa = PBXFileReference; fileEncoding = 4; lastKnownFileType = sourcecode.swift; path = Collections.swift; sourceTree = "<group>"; };
		38B83C991EED85C6007AB12A /* CommutativeMonoid.swift */ = {isa = PBXFileReference; fileEncoding = 4; lastKnownFileType = sourcecode.swift; path = CommutativeMonoid.swift; sourceTree = "<group>"; };
		38B83C9B1EED8A15007AB12A /* BoundedSemilattice.swift */ = {isa = PBXFileReference; fileEncoding = 4; lastKnownFileType = sourcecode.swift; path = BoundedSemilattice.swift; sourceTree = "<group>"; };
		38B83C9D1EED8D11007AB12A /* README.md */ = {isa = PBXFileReference; lastKnownFileType = net.daringfireball.markdown; path = README.md; sourceTree = "<group>"; };
		38D737BB1EE9A711000BAF0C /* Package.swift */ = {isa = PBXFileReference; lastKnownFileType = sourcecode.swift; path = Package.swift; sourceTree = "<group>"; };
		38D737BD1EE9A711000BAF0C /* Magma.swift */ = {isa = PBXFileReference; lastKnownFileType = sourcecode.swift; path = Magma.swift; sourceTree = "<group>"; };
		38D737C11EE9A711000BAF0C /* LinuxMain.swift */ = {isa = PBXFileReference; lastKnownFileType = sourcecode.swift; path = LinuxMain.swift; sourceTree = "<group>"; };
		38D737C71EE9A729000BAF0C /* Abstract.framework */ = {isa = PBXFileReference; explicitFileType = wrapper.framework; includeInIndex = 0; path = Abstract.framework; sourceTree = BUILT_PRODUCTS_DIR; };
		38D737D01EE9A729000BAF0C /* AbstractTests.xctest */ = {isa = PBXFileReference; explicitFileType = wrapper.cfbundle; includeInIndex = 0; path = AbstractTests.xctest; sourceTree = BUILT_PRODUCTS_DIR; };
		38D737DF1EE9A745000BAF0C /* Abstract.h */ = {isa = PBXFileReference; lastKnownFileType = sourcecode.c.h; path = Abstract.h; sourceTree = "<group>"; };
		38D737E01EE9A745000BAF0C /* Info.plist */ = {isa = PBXFileReference; lastKnownFileType = text.plist.xml; path = Info.plist; sourceTree = "<group>"; };
		38D737E11EE9A761000BAF0C /* InfoTests.plist */ = {isa = PBXFileReference; lastKnownFileType = text.plist.xml; path = InfoTests.plist; sourceTree = "<group>"; };
		38D737E91EE9B86F000BAF0C /* Semigroup.swift */ = {isa = PBXFileReference; fileEncoding = 4; lastKnownFileType = sourcecode.swift; path = Semigroup.swift; sourceTree = "<group>"; };
		38D737EB1EE9B95C000BAF0C /* Law.swift */ = {isa = PBXFileReference; fileEncoding = 4; lastKnownFileType = sourcecode.swift; path = Law.swift; sourceTree = "<group>"; };
/* End PBXFileReference section */

/* Begin PBXFrameworksBuildPhase section */
		38D737C31EE9A729000BAF0C /* Frameworks */ = {
			isa = PBXFrameworksBuildPhase;
			buildActionMask = 2147483647;
			files = (
			);
			runOnlyForDeploymentPostprocessing = 0;
		};
		38D737CD1EE9A729000BAF0C /* Frameworks */ = {
			isa = PBXFrameworksBuildPhase;
			buildActionMask = 2147483647;
			files = (
				38D737D11EE9A729000BAF0C /* Abstract.framework in Frameworks */,
				38943A6C1EEC287000F587AD /* SwiftCheck.framework in Frameworks */,
			);
			runOnlyForDeploymentPostprocessing = 0;
		};
/* End PBXFrameworksBuildPhase section */

/* Begin PBXGroup section */
		09F9FD0D1EEE5C5D002342E5 /* Abstract */ = {
			isa = PBXGroup;
			children = (
				38943A761EEC31DA00F587AD /* Adapters.swift */,
				38B83C9B1EED8A15007AB12A /* BoundedSemilattice.swift */,
				38B83C991EED85C6007AB12A /* CommutativeMonoid.swift */,
				38D737EB1EE9B95C000BAF0C /* Law.swift */,
				38D737BD1EE9A711000BAF0C /* Magma.swift */,
				38943A781EEC4EFF00F587AD /* Monoid.swift */,
				38D737E91EE9B86F000BAF0C /* Semigroup.swift */,
				3853BF9D1EF11D7400791099 /* Wrapper.swift */,
				38B83C901EED6E29007AB12A /* Utilities */,
			);
			path = Abstract;
			sourceTree = "<group>";
		};
		38943A6A1EEC287000F587AD /* Frameworks */ = {
			isa = PBXGroup;
			children = (
				09F9FD0C1EEE0FC2002342E5 /* Operadics.framework */,
				38943A6B1EEC287000F587AD /* SwiftCheck.framework */,
			);
			name = Frameworks;
			sourceTree = "<group>";
		};
		38B83C901EED6E29007AB12A /* Utilities */ = {
			isa = PBXGroup;
			children = (
				09F9FD0E1EEE5CE8002342E5 /* Morphisms.swift */,
				38B83C971EED83EF007AB12A /* Collections.swift */,
				38B83C931EED72F3007AB12A /* Comparison.swift */,
				38B83C911EED6E33007AB12A /* Predicate.swift */,
			);
			path = Utilities;
			sourceTree = "<group>";
		};
		38D737B41EE9A6BA000BAF0C = {
			isa = PBXGroup;
			children = (
				38B83C9D1EED8D11007AB12A /* README.md */,
				38D737DF1EE9A745000BAF0C /* Abstract.h */,
				38D737E01EE9A745000BAF0C /* Info.plist */,
				38D737E11EE9A761000BAF0C /* InfoTests.plist */,
				38D737BB1EE9A711000BAF0C /* Package.swift */,
				38943A6A1EEC287000F587AD /* Frameworks */,
				38D737C81EE9A729000BAF0C /* Products */,
				38D737BC1EE9A711000BAF0C /* Sources */,
				38D737BE1EE9A711000BAF0C /* Tests */,
			);
			sourceTree = "<group>";
		};
		38D737BC1EE9A711000BAF0C /* Sources */ = {
			isa = PBXGroup;
			children = (
				09F9FD0D1EEE5C5D002342E5 /* Abstract */,
			);
			path = Sources;
			sourceTree = "<group>";
		};
		38D737BE1EE9A711000BAF0C /* Tests */ = {
			isa = PBXGroup;
			children = (
				38D737C11EE9A711000BAF0C /* LinuxMain.swift */,
				38D737BF1EE9A711000BAF0C /* AbstractTests */,
			);
			path = Tests;
			sourceTree = "<group>";
		};
		38D737BF1EE9A711000BAF0C /* AbstractTests */ = {
			isa = PBXGroup;
			children = (
				38943A681EEC25AE00F587AD /* AbstractTests.swift */,
				38943A731EEC2CF700F587AD /* ArbitraryDefinitions.swift */,
			);
			path = AbstractTests;
			sourceTree = "<group>";
		};
		38D737C81EE9A729000BAF0C /* Products */ = {
			isa = PBXGroup;
			children = (
				38D737C71EE9A729000BAF0C /* Abstract.framework */,
				38D737D01EE9A729000BAF0C /* AbstractTests.xctest */,
			);
			name = Products;
			sourceTree = "<group>";
		};
/* End PBXGroup section */

/* Begin PBXHeadersBuildPhase section */
		38D737C41EE9A729000BAF0C /* Headers */ = {
			isa = PBXHeadersBuildPhase;
			buildActionMask = 2147483647;
			files = (
			);
			runOnlyForDeploymentPostprocessing = 0;
		};
/* End PBXHeadersBuildPhase section */

/* Begin PBXNativeTarget section */
		38D737C61EE9A729000BAF0C /* Abstract */ = {
			isa = PBXNativeTarget;
			buildConfigurationList = 38D737D91EE9A729000BAF0C /* Build configuration list for PBXNativeTarget "Abstract" */;
			buildPhases = (
				38D737C21EE9A729000BAF0C /* Sources */,
				38D737C31EE9A729000BAF0C /* Frameworks */,
				38D737C41EE9A729000BAF0C /* Headers */,
				38D737C51EE9A729000BAF0C /* Resources */,
			);
			buildRules = (
			);
			dependencies = (
			);
			name = Abstract;
			productName = Abstract;
			productReference = 38D737C71EE9A729000BAF0C /* Abstract.framework */;
			productType = "com.apple.product-type.framework";
		};
		38D737CF1EE9A729000BAF0C /* AbstractTests */ = {
			isa = PBXNativeTarget;
			buildConfigurationList = 38D737DC1EE9A729000BAF0C /* Build configuration list for PBXNativeTarget "AbstractTests" */;
			buildPhases = (
				38D737CC1EE9A729000BAF0C /* Sources */,
				38D737CD1EE9A729000BAF0C /* Frameworks */,
				38D737CE1EE9A729000BAF0C /* Resources */,
				38943A6D1EEC287300F587AD /* CopyFiles */,
			);
			buildRules = (
			);
			dependencies = (
				38D737D31EE9A729000BAF0C /* PBXTargetDependency */,
			);
			name = AbstractTests;
			productName = AbstractTests;
			productReference = 38D737D01EE9A729000BAF0C /* AbstractTests.xctest */;
			productType = "com.apple.product-type.bundle.unit-test";
		};
/* End PBXNativeTarget section */

/* Begin PBXProject section */
		38D737B51EE9A6BA000BAF0C /* Project object */ = {
			isa = PBXProject;
			attributes = {
				LastSwiftUpdateCheck = 0830;
				LastUpgradeCheck = 0830;
				TargetAttributes = {
					38D737C61EE9A729000BAF0C = {
						CreatedOnToolsVersion = 8.3.3;
						DevelopmentTeam = Y4U5GF9JQQ;
						ProvisioningStyle = Automatic;
					};
					38D737CF1EE9A729000BAF0C = {
						CreatedOnToolsVersion = 8.3.3;
						DevelopmentTeam = 5MTJLVM7R2;
						ProvisioningStyle = Automatic;
					};
				};
			};
			buildConfigurationList = 38D737B81EE9A6BA000BAF0C /* Build configuration list for PBXProject "Abstract" */;
			compatibilityVersion = "Xcode 3.2";
			developmentRegion = English;
			hasScannedForEncodings = 0;
			knownRegions = (
				en,
			);
			mainGroup = 38D737B41EE9A6BA000BAF0C;
			productRefGroup = 38D737C81EE9A729000BAF0C /* Products */;
			projectDirPath = "";
			projectRoot = "";
			targets = (
				38D737C61EE9A729000BAF0C /* Abstract */,
				38D737CF1EE9A729000BAF0C /* AbstractTests */,
			);
		};
/* End PBXProject section */

/* Begin PBXResourcesBuildPhase section */
		38D737C51EE9A729000BAF0C /* Resources */ = {
			isa = PBXResourcesBuildPhase;
			buildActionMask = 2147483647;
			files = (
			);
			runOnlyForDeploymentPostprocessing = 0;
		};
		38D737CE1EE9A729000BAF0C /* Resources */ = {
			isa = PBXResourcesBuildPhase;
			buildActionMask = 2147483647;
			files = (
			);
			runOnlyForDeploymentPostprocessing = 0;
		};
/* End PBXResourcesBuildPhase section */

/* Begin PBXSourcesBuildPhase section */
		38D737C21EE9A729000BAF0C /* Sources */ = {
			isa = PBXSourcesBuildPhase;
			buildActionMask = 2147483647;
			files = (
				38D737EC1EE9B95C000BAF0C /* Law.swift in Sources */,
				38B83C921EED6E33007AB12A /* Predicate.swift in Sources */,
				38B83C941EED72F3007AB12A /* Comparison.swift in Sources */,
				38943A771EEC31DA00F587AD /* Adapters.swift in Sources */,
				38D737E21EE9A7D8000BAF0C /* Magma.swift in Sources */,
				3853BF9E1EF11D7400791099 /* Wrapper.swift in Sources */,
				38B83C9C1EED8A15007AB12A /* BoundedSemilattice.swift in Sources */,
				09F9FD0F1EEE5CEC002342E5 /* Morphisms.swift in Sources */,
				38B83C981EED83EF007AB12A /* Collections.swift in Sources */,
				38D737EA1EE9B86F000BAF0C /* Semigroup.swift in Sources */,
				38B83C9A1EED85C6007AB12A /* CommutativeMonoid.swift in Sources */,
				38943A791EEC4EFF00F587AD /* Monoid.swift in Sources */,
			);
			runOnlyForDeploymentPostprocessing = 0;
		};
		38D737CC1EE9A729000BAF0C /* Sources */ = {
			isa = PBXSourcesBuildPhase;
			buildActionMask = 2147483647;
			files = (
				38943A6F1EEC28A000F587AD /* AbstractTests.swift in Sources */,
				38943A751EEC2D0400F587AD /* ArbitraryDefinitions.swift in Sources */,
			);
			runOnlyForDeploymentPostprocessing = 0;
		};
/* End PBXSourcesBuildPhase section */

/* Begin PBXTargetDependency section */
		38D737D31EE9A729000BAF0C /* PBXTargetDependency */ = {
			isa = PBXTargetDependency;
			target = 38D737C61EE9A729000BAF0C /* Abstract */;
			targetProxy = 38D737D21EE9A729000BAF0C /* PBXContainerItemProxy */;
		};
/* End PBXTargetDependency section */

/* Begin XCBuildConfiguration section */
		38D737B91EE9A6BA000BAF0C /* Debug */ = {
			isa = XCBuildConfiguration;
			buildSettings = {
			};
			name = Debug;
		};
		38D737BA1EE9A6BA000BAF0C /* Release */ = {
			isa = XCBuildConfiguration;
			buildSettings = {
			};
			name = Release;
		};
		38D737DA1EE9A729000BAF0C /* Debug */ = {
			isa = XCBuildConfiguration;
			buildSettings = {
				ALWAYS_SEARCH_USER_PATHS = NO;
				CLANG_ANALYZER_NONNULL = YES;
				CLANG_ANALYZER_NUMBER_OBJECT_CONVERSION = YES_AGGRESSIVE;
				CLANG_CXX_LANGUAGE_STANDARD = "gnu++0x";
				CLANG_CXX_LIBRARY = "libc++";
				CLANG_ENABLE_MODULES = YES;
				CLANG_ENABLE_OBJC_ARC = YES;
				CLANG_WARN_BOOL_CONVERSION = YES;
				CLANG_WARN_CONSTANT_CONVERSION = YES;
				CLANG_WARN_DIRECT_OBJC_ISA_USAGE = YES_ERROR;
				CLANG_WARN_DOCUMENTATION_COMMENTS = YES;
				CLANG_WARN_EMPTY_BODY = YES;
				CLANG_WARN_ENUM_CONVERSION = YES;
				CLANG_WARN_INFINITE_RECURSION = YES;
				CLANG_WARN_INT_CONVERSION = YES;
				CLANG_WARN_OBJC_ROOT_CLASS = YES_ERROR;
				CLANG_WARN_SUSPICIOUS_MOVE = YES;
				CLANG_WARN_UNREACHABLE_CODE = YES;
				CLANG_WARN__DUPLICATE_METHOD_MATCH = YES;
				CODE_SIGN_IDENTITY = "";
				"CODE_SIGN_IDENTITY[sdk=iphoneos*]" = "iPhone Developer";
				COPY_PHASE_STRIP = NO;
				CURRENT_PROJECT_VERSION = 1;
				DEBUG_INFORMATION_FORMAT = dwarf;
				DEFINES_MODULE = YES;
				DEVELOPMENT_TEAM = Y4U5GF9JQQ;
				DYLIB_COMPATIBILITY_VERSION = 1;
				DYLIB_CURRENT_VERSION = 1;
				DYLIB_INSTALL_NAME_BASE = "@rpath";
				ENABLE_STRICT_OBJC_MSGSEND = YES;
				ENABLE_TESTABILITY = YES;
				FRAMEWORK_SEARCH_PATHS = (
					"$(inherited)",
					"$(PROJECT_DIR)/Carthage/Build/iOS",
				);
				GCC_C_LANGUAGE_STANDARD = gnu99;
				GCC_DYNAMIC_NO_PIC = NO;
				GCC_NO_COMMON_BLOCKS = YES;
				GCC_OPTIMIZATION_LEVEL = 0;
				GCC_PREPROCESSOR_DEFINITIONS = (
					"DEBUG=1",
					"$(inherited)",
				);
				GCC_WARN_64_TO_32_BIT_CONVERSION = YES;
				GCC_WARN_ABOUT_RETURN_TYPE = YES_ERROR;
				GCC_WARN_UNDECLARED_SELECTOR = YES;
				GCC_WARN_UNINITIALIZED_AUTOS = YES_AGGRESSIVE;
				GCC_WARN_UNUSED_FUNCTION = YES;
				GCC_WARN_UNUSED_VARIABLE = YES;
				INFOPLIST_FILE = "$(SRCROOT)/Info.plist";
				INSTALL_PATH = "$(LOCAL_LIBRARY_DIR)/Frameworks";
				IPHONEOS_DEPLOYMENT_TARGET = 8.3;
				LD_RUNPATH_SEARCH_PATHS = "$(inherited) @executable_path/Frameworks @loader_path/Frameworks";
				MTL_ENABLE_DEBUG_INFO = YES;
				ONLY_ACTIVE_ARCH = YES;
				PRODUCT_BUNDLE_IDENTIFIER = it.broomburgo.Abstract;
				PRODUCT_NAME = "$(TARGET_NAME)";
				SDKROOT = iphoneos;
				SKIP_INSTALL = YES;
				SWIFT_ACTIVE_COMPILATION_CONDITIONS = DEBUG;
				SWIFT_OPTIMIZATION_LEVEL = "-Onone";
				SWIFT_VERSION = 3.0;
				TARGETED_DEVICE_FAMILY = "1,2";
				VERSIONING_SYSTEM = "apple-generic";
				VERSION_INFO_PREFIX = "";
			};
			name = Debug;
		};
		38D737DB1EE9A729000BAF0C /* Release */ = {
			isa = XCBuildConfiguration;
			buildSettings = {
				ALWAYS_SEARCH_USER_PATHS = NO;
				CLANG_ANALYZER_NONNULL = YES;
				CLANG_ANALYZER_NUMBER_OBJECT_CONVERSION = YES_AGGRESSIVE;
				CLANG_CXX_LANGUAGE_STANDARD = "gnu++0x";
				CLANG_CXX_LIBRARY = "libc++";
				CLANG_ENABLE_MODULES = YES;
				CLANG_ENABLE_OBJC_ARC = YES;
				CLANG_WARN_BOOL_CONVERSION = YES;
				CLANG_WARN_CONSTANT_CONVERSION = YES;
				CLANG_WARN_DIRECT_OBJC_ISA_USAGE = YES_ERROR;
				CLANG_WARN_DOCUMENTATION_COMMENTS = YES;
				CLANG_WARN_EMPTY_BODY = YES;
				CLANG_WARN_ENUM_CONVERSION = YES;
				CLANG_WARN_INFINITE_RECURSION = YES;
				CLANG_WARN_INT_CONVERSION = YES;
				CLANG_WARN_OBJC_ROOT_CLASS = YES_ERROR;
				CLANG_WARN_SUSPICIOUS_MOVE = YES;
				CLANG_WARN_UNREACHABLE_CODE = YES;
				CLANG_WARN__DUPLICATE_METHOD_MATCH = YES;
				CODE_SIGN_IDENTITY = "";
				"CODE_SIGN_IDENTITY[sdk=iphoneos*]" = "iPhone Developer";
				COPY_PHASE_STRIP = NO;
				CURRENT_PROJECT_VERSION = 1;
				DEBUG_INFORMATION_FORMAT = "dwarf-with-dsym";
				DEFINES_MODULE = YES;
				DEVELOPMENT_TEAM = Y4U5GF9JQQ;
				DYLIB_COMPATIBILITY_VERSION = 1;
				DYLIB_CURRENT_VERSION = 1;
				DYLIB_INSTALL_NAME_BASE = "@rpath";
				ENABLE_NS_ASSERTIONS = NO;
				ENABLE_STRICT_OBJC_MSGSEND = YES;
				FRAMEWORK_SEARCH_PATHS = (
					"$(inherited)",
					"$(PROJECT_DIR)/Carthage/Build/iOS",
				);
				GCC_C_LANGUAGE_STANDARD = gnu99;
				GCC_NO_COMMON_BLOCKS = YES;
				GCC_WARN_64_TO_32_BIT_CONVERSION = YES;
				GCC_WARN_ABOUT_RETURN_TYPE = YES_ERROR;
				GCC_WARN_UNDECLARED_SELECTOR = YES;
				GCC_WARN_UNINITIALIZED_AUTOS = YES_AGGRESSIVE;
				GCC_WARN_UNUSED_FUNCTION = YES;
				GCC_WARN_UNUSED_VARIABLE = YES;
				INFOPLIST_FILE = "$(SRCROOT)/Info.plist";
				INSTALL_PATH = "$(LOCAL_LIBRARY_DIR)/Frameworks";
				IPHONEOS_DEPLOYMENT_TARGET = 8.3;
				LD_RUNPATH_SEARCH_PATHS = "$(inherited) @executable_path/Frameworks @loader_path/Frameworks";
				MTL_ENABLE_DEBUG_INFO = NO;
				PRODUCT_BUNDLE_IDENTIFIER = it.broomburgo.Abstract;
				PRODUCT_NAME = "$(TARGET_NAME)";
				SDKROOT = iphoneos;
				SKIP_INSTALL = YES;
				SWIFT_OPTIMIZATION_LEVEL = "-Owholemodule";
				SWIFT_VERSION = 3.0;
				TARGETED_DEVICE_FAMILY = "1,2";
				VALIDATE_PRODUCT = YES;
				VERSIONING_SYSTEM = "apple-generic";
				VERSION_INFO_PREFIX = "";
			};
			name = Release;
		};
		38D737DD1EE9A729000BAF0C /* Debug */ = {
			isa = XCBuildConfiguration;
			buildSettings = {
				ALWAYS_EMBED_SWIFT_STANDARD_LIBRARIES = YES;
				ALWAYS_SEARCH_USER_PATHS = NO;
				CLANG_ANALYZER_NONNULL = YES;
				CLANG_ANALYZER_NUMBER_OBJECT_CONVERSION = YES_AGGRESSIVE;
				CLANG_CXX_LANGUAGE_STANDARD = "gnu++0x";
				CLANG_CXX_LIBRARY = "libc++";
				CLANG_ENABLE_MODULES = YES;
				CLANG_ENABLE_OBJC_ARC = YES;
				CLANG_WARN_BOOL_CONVERSION = YES;
				CLANG_WARN_CONSTANT_CONVERSION = YES;
				CLANG_WARN_DIRECT_OBJC_ISA_USAGE = YES_ERROR;
				CLANG_WARN_DOCUMENTATION_COMMENTS = YES;
				CLANG_WARN_EMPTY_BODY = YES;
				CLANG_WARN_ENUM_CONVERSION = YES;
				CLANG_WARN_INFINITE_RECURSION = YES;
				CLANG_WARN_INT_CONVERSION = YES;
				CLANG_WARN_OBJC_ROOT_CLASS = YES_ERROR;
				CLANG_WARN_SUSPICIOUS_MOVE = YES;
				CLANG_WARN_UNREACHABLE_CODE = YES;
				CLANG_WARN__DUPLICATE_METHOD_MATCH = YES;
				"CODE_SIGN_IDENTITY[sdk=iphoneos*]" = "iPhone Developer";
				COPY_PHASE_STRIP = NO;
				DEBUG_INFORMATION_FORMAT = dwarf;
				DEVELOPMENT_TEAM = 5MTJLVM7R2;
				ENABLE_STRICT_OBJC_MSGSEND = YES;
				ENABLE_TESTABILITY = YES;
				FRAMEWORK_SEARCH_PATHS = (
					"$(inherited)",
					"$(PROJECT_DIR)/Carthage/Build/iOS",
				);
				GCC_C_LANGUAGE_STANDARD = gnu99;
				GCC_DYNAMIC_NO_PIC = NO;
				GCC_NO_COMMON_BLOCKS = YES;
				GCC_OPTIMIZATION_LEVEL = 0;
				GCC_PREPROCESSOR_DEFINITIONS = (
					"DEBUG=1",
					"$(inherited)",
				);
				GCC_WARN_64_TO_32_BIT_CONVERSION = YES;
				GCC_WARN_ABOUT_RETURN_TYPE = YES_ERROR;
				GCC_WARN_UNDECLARED_SELECTOR = YES;
				GCC_WARN_UNINITIALIZED_AUTOS = YES_AGGRESSIVE;
				GCC_WARN_UNUSED_FUNCTION = YES;
				GCC_WARN_UNUSED_VARIABLE = YES;
				INFOPLIST_FILE = InfoTests.plist;
				IPHONEOS_DEPLOYMENT_TARGET = 10.3;
				LD_RUNPATH_SEARCH_PATHS = "$(inherited) @executable_path/Frameworks @loader_path/Frameworks";
				MTL_ENABLE_DEBUG_INFO = YES;
				ONLY_ACTIVE_ARCH = YES;
				PRODUCT_BUNDLE_IDENTIFIER = it.broomburgo.AbstractTests;
				PRODUCT_NAME = "$(TARGET_NAME)";
				SDKROOT = iphoneos;
				SWIFT_ACTIVE_COMPILATION_CONDITIONS = DEBUG;
				SWIFT_OPTIMIZATION_LEVEL = "-Onone";
				SWIFT_VERSION = 3.0;
			};
			name = Debug;
		};
		38D737DE1EE9A729000BAF0C /* Release */ = {
			isa = XCBuildConfiguration;
			buildSettings = {
				ALWAYS_EMBED_SWIFT_STANDARD_LIBRARIES = YES;
				ALWAYS_SEARCH_USER_PATHS = NO;
				CLANG_ANALYZER_NONNULL = YES;
				CLANG_ANALYZER_NUMBER_OBJECT_CONVERSION = YES_AGGRESSIVE;
				CLANG_CXX_LANGUAGE_STANDARD = "gnu++0x";
				CLANG_CXX_LIBRARY = "libc++";
				CLANG_ENABLE_MODULES = YES;
				CLANG_ENABLE_OBJC_ARC = YES;
				CLANG_WARN_BOOL_CONVERSION = YES;
				CLANG_WARN_CONSTANT_CONVERSION = YES;
				CLANG_WARN_DIRECT_OBJC_ISA_USAGE = YES_ERROR;
				CLANG_WARN_DOCUMENTATION_COMMENTS = YES;
				CLANG_WARN_EMPTY_BODY = YES;
				CLANG_WARN_ENUM_CONVERSION = YES;
				CLANG_WARN_INFINITE_RECURSION = YES;
				CLANG_WARN_INT_CONVERSION = YES;
				CLANG_WARN_OBJC_ROOT_CLASS = YES_ERROR;
				CLANG_WARN_SUSPICIOUS_MOVE = YES;
				CLANG_WARN_UNREACHABLE_CODE = YES;
				CLANG_WARN__DUPLICATE_METHOD_MATCH = YES;
				"CODE_SIGN_IDENTITY[sdk=iphoneos*]" = "iPhone Developer";
				COPY_PHASE_STRIP = NO;
				DEBUG_INFORMATION_FORMAT = "dwarf-with-dsym";
				DEVELOPMENT_TEAM = 5MTJLVM7R2;
				ENABLE_NS_ASSERTIONS = NO;
				ENABLE_STRICT_OBJC_MSGSEND = YES;
				FRAMEWORK_SEARCH_PATHS = (
					"$(inherited)",
					"$(PROJECT_DIR)/Carthage/Build/iOS",
				);
				GCC_C_LANGUAGE_STANDARD = gnu99;
				GCC_NO_COMMON_BLOCKS = YES;
				GCC_WARN_64_TO_32_BIT_CONVERSION = YES;
				GCC_WARN_ABOUT_RETURN_TYPE = YES_ERROR;
				GCC_WARN_UNDECLARED_SELECTOR = YES;
				GCC_WARN_UNINITIALIZED_AUTOS = YES_AGGRESSIVE;
				GCC_WARN_UNUSED_FUNCTION = YES;
				GCC_WARN_UNUSED_VARIABLE = YES;
				INFOPLIST_FILE = InfoTests.plist;
				IPHONEOS_DEPLOYMENT_TARGET = 10.3;
				LD_RUNPATH_SEARCH_PATHS = "$(inherited) @executable_path/Frameworks @loader_path/Frameworks";
				MTL_ENABLE_DEBUG_INFO = NO;
				PRODUCT_BUNDLE_IDENTIFIER = it.broomburgo.AbstractTests;
				PRODUCT_NAME = "$(TARGET_NAME)";
				SDKROOT = iphoneos;
				SWIFT_OPTIMIZATION_LEVEL = "-Owholemodule";
				SWIFT_VERSION = 3.0;
				VALIDATE_PRODUCT = YES;
			};
			name = Release;
		};
/* End XCBuildConfiguration section */

/* Begin XCConfigurationList section */
		38D737B81EE9A6BA000BAF0C /* Build configuration list for PBXProject "Abstract" */ = {
			isa = XCConfigurationList;
			buildConfigurations = (
				38D737B91EE9A6BA000BAF0C /* Debug */,
				38D737BA1EE9A6BA000BAF0C /* Release */,
			);
			defaultConfigurationIsVisible = 0;
			defaultConfigurationName = Release;
		};
		38D737D91EE9A729000BAF0C /* Build configuration list for PBXNativeTarget "Abstract" */ = {
			isa = XCConfigurationList;
			buildConfigurations = (
				38D737DA1EE9A729000BAF0C /* Debug */,
				38D737DB1EE9A729000BAF0C /* Release */,
			);
			defaultConfigurationIsVisible = 0;
			defaultConfigurationName = Release;
		};
		38D737DC1EE9A729000BAF0C /* Build configuration list for PBXNativeTarget "AbstractTests" */ = {
			isa = XCConfigurationList;
			buildConfigurations = (
				38D737DD1EE9A729000BAF0C /* Debug */,
				38D737DE1EE9A729000BAF0C /* Release */,
			);
			defaultConfigurationIsVisible = 0;
			defaultConfigurationName = Release;
		};
/* End XCConfigurationList section */
	};
	rootObject = 38D737B51EE9A6BA000BAF0C /* Project object */;
}
